// !$*UTF8*$!
{
	archiveVersion = 1;
	classes = {
	};
	objectVersion = 55;
	objects = {

/* Begin PBXBuildFile section */
		960107D62913882300DCF5D6 /* AppDelegate.swift in Sources */ = {isa = PBXBuildFile; fileRef = 960107D52913882300DCF5D6 /* AppDelegate.swift */; };
		960107D82913882300DCF5D6 /* SceneDelegate.swift in Sources */ = {isa = PBXBuildFile; fileRef = 960107D72913882300DCF5D6 /* SceneDelegate.swift */; };
		960107DA2913882300DCF5D6 /* ViewController.swift in Sources */ = {isa = PBXBuildFile; fileRef = 960107D92913882300DCF5D6 /* ViewController.swift */; };
		960107DD2913882300DCF5D6 /* Main.storyboard in Resources */ = {isa = PBXBuildFile; fileRef = 960107DB2913882300DCF5D6 /* Main.storyboard */; };
		960107DF2913882500DCF5D6 /* Assets.xcassets in Resources */ = {isa = PBXBuildFile; fileRef = 960107DE2913882500DCF5D6 /* Assets.xcassets */; };
		960107E22913882500DCF5D6 /* LaunchScreen.storyboard in Resources */ = {isa = PBXBuildFile; fileRef = 960107E02913882500DCF5D6 /* LaunchScreen.storyboard */; };
		960107ED2913882500DCF5D6 /* MyXylphoneTests.swift in Sources */ = {isa = PBXBuildFile; fileRef = 960107EC2913882500DCF5D6 /* MyXylphoneTests.swift */; };
		960107F72913882500DCF5D6 /* MyXylphoneUITests.swift in Sources */ = {isa = PBXBuildFile; fileRef = 960107F62913882500DCF5D6 /* MyXylphoneUITests.swift */; };
		960107F92913882500DCF5D6 /* MyXylphoneUITestsLaunchTests.swift in Sources */ = {isa = PBXBuildFile; fileRef = 960107F82913882500DCF5D6 /* MyXylphoneUITestsLaunchTests.swift */; };
/* End PBXBuildFile section */

/* Begin PBXContainerItemProxy section */
		960107E92913882500DCF5D6 /* PBXContainerItemProxy */ = {
			isa = PBXContainerItemProxy;
			containerPortal = 960107CA2913882300DCF5D6 /* Project object */;
			proxyType = 1;
			remoteGlobalIDString = 960107D12913882300DCF5D6;
			remoteInfo = MyXylphone;
		};
		960107F32913882500DCF5D6 /* PBXContainerItemProxy */ = {
			isa = PBXContainerItemProxy;
			containerPortal = 960107CA2913882300DCF5D6 /* Project object */;
			proxyType = 1;
			remoteGlobalIDString = 960107D12913882300DCF5D6;
			remoteInfo = MyXylphone;
		};
/* End PBXContainerItemProxy section */

/* Begin PBXFileReference section */
		960107D22913882300DCF5D6 /* MyXylphone.app */ = {isa = PBXFileReference; explicitFileType = wrapper.application; includeInIndex = 0; path = MyXylphone.app; sourceTree = BUILT_PRODUCTS_DIR; };
		960107D52913882300DCF5D6 /* AppDelegate.swift */ = {isa = PBXFileReference; lastKnownFileType = sourcecode.swift; path = AppDelegate.swift; sourceTree = "<group>"; };
		960107D72913882300DCF5D6 /* SceneDelegate.swift */ = {isa = PBXFileReference; lastKnownFileType = sourcecode.swift; path = SceneDelegate.swift; sourceTree = "<group>"; };
		960107D92913882300DCF5D6 /* ViewController.swift */ = {isa = PBXFileReference; lastKnownFileType = sourcecode.swift; path = ViewController.swift; sourceTree = "<group>"; };
		960107DC2913882300DCF5D6 /* Base */ = {isa = PBXFileReference; lastKnownFileType = file.storyboard; name = Base; path = Base.lproj/Main.storyboard; sourceTree = "<group>"; };
		960107DE2913882500DCF5D6 /* Assets.xcassets */ = {isa = PBXFileReference; lastKnownFileType = folder.assetcatalog; path = Assets.xcassets; sourceTree = "<group>"; };
		960107E12913882500DCF5D6 /* Base */ = {isa = PBXFileReference; lastKnownFileType = file.storyboard; name = Base; path = Base.lproj/LaunchScreen.storyboard; sourceTree = "<group>"; };
		960107E32913882500DCF5D6 /* Info.plist */ = {isa = PBXFileReference; lastKnownFileType = text.plist.xml; path = Info.plist; sourceTree = "<group>"; };
		960107E82913882500DCF5D6 /* MyXylphoneTests.xctest */ = {isa = PBXFileReference; explicitFileType = wrapper.cfbundle; includeInIndex = 0; path = MyXylphoneTests.xctest; sourceTree = BUILT_PRODUCTS_DIR; };
		960107EC2913882500DCF5D6 /* MyXylphoneTests.swift */ = {isa = PBXFileReference; lastKnownFileType = sourcecode.swift; path = MyXylphoneTests.swift; sourceTree = "<group>"; };
		960107F22913882500DCF5D6 /* MyXylphoneUITests.xctest */ = {isa = PBXFileReference; explicitFileType = wrapper.cfbundle; includeInIndex = 0; path = MyXylphoneUITests.xctest; sourceTree = BUILT_PRODUCTS_DIR; };
		960107F62913882500DCF5D6 /* MyXylphoneUITests.swift */ = {isa = PBXFileReference; lastKnownFileType = sourcecode.swift; path = MyXylphoneUITests.swift; sourceTree = "<group>"; };
		960107F82913882500DCF5D6 /* MyXylphoneUITestsLaunchTests.swift */ = {isa = PBXFileReference; lastKnownFileType = sourcecode.swift; path = MyXylphoneUITestsLaunchTests.swift; sourceTree = "<group>"; };
/* End PBXFileReference section */

/* Begin PBXFrameworksBuildPhase section */
		960107CF2913882300DCF5D6 /* Frameworks */ = {
			isa = PBXFrameworksBuildPhase;
			buildActionMask = 2147483647;
			files = (
			);
			runOnlyForDeploymentPostprocessing = 0;
		};
		960107E52913882500DCF5D6 /* Frameworks */ = {
			isa = PBXFrameworksBuildPhase;
			buildActionMask = 2147483647;
			files = (
			);
			runOnlyForDeploymentPostprocessing = 0;
		};
		960107EF2913882500DCF5D6 /* Frameworks */ = {
			isa = PBXFrameworksBuildPhase;
			buildActionMask = 2147483647;
			files = (
			);
			runOnlyForDeploymentPostprocessing = 0;
		};
/* End PBXFrameworksBuildPhase section */

/* Begin PBXGroup section */
		960107C92913882300DCF5D6 = {
			isa = PBXGroup;
			children = (
				960107D42913882300DCF5D6 /* MyXylphone */,
				960107EB2913882500DCF5D6 /* MyXylphoneTests */,
				960107F52913882500DCF5D6 /* MyXylphoneUITests */,
				960107D32913882300DCF5D6 /* Products */,
			);
			sourceTree = "<group>";
		};
		960107D32913882300DCF5D6 /* Products */ = {
			isa = PBXGroup;
			children = (
				960107D22913882300DCF5D6 /* MyXylphone.app */,
				960107E82913882500DCF5D6 /* MyXylphoneTests.xctest */,
				960107F22913882500DCF5D6 /* MyXylphoneUITests.xctest */,
			);
			name = Products;
			sourceTree = "<group>";
		};
		960107D42913882300DCF5D6 /* MyXylphone */ = {
			isa = PBXGroup;
			children = (
				960107D52913882300DCF5D6 /* AppDelegate.swift */,
				960107D72913882300DCF5D6 /* SceneDelegate.swift */,
				960107D92913882300DCF5D6 /* ViewController.swift */,
				960107DB2913882300DCF5D6 /* Main.storyboard */,
				960107DE2913882500DCF5D6 /* Assets.xcassets */,
				960107E02913882500DCF5D6 /* LaunchScreen.storyboard */,
				960107E32913882500DCF5D6 /* Info.plist */,
			);
			path = MyXylphone;
			sourceTree = "<group>";
		};
		960107EB2913882500DCF5D6 /* MyXylphoneTests */ = {
			isa = PBXGroup;
			children = (
				960107EC2913882500DCF5D6 /* MyXylphoneTests.swift */,
			);
			path = MyXylphoneTests;
			sourceTree = "<group>";
		};
		960107F52913882500DCF5D6 /* MyXylphoneUITests */ = {
			isa = PBXGroup;
			children = (
				960107F62913882500DCF5D6 /* MyXylphoneUITests.swift */,
				960107F82913882500DCF5D6 /* MyXylphoneUITestsLaunchTests.swift */,
			);
			path = MyXylphoneUITests;
			sourceTree = "<group>";
		};
/* End PBXGroup section */

/* Begin PBXNativeTarget section */
		960107D12913882300DCF5D6 /* MyXylphone */ = {
			isa = PBXNativeTarget;
			buildConfigurationList = 960107FC2913882500DCF5D6 /* Build configuration list for PBXNativeTarget "MyXylphone" */;
			buildPhases = (
				960107CE2913882300DCF5D6 /* Sources */,
				960107CF2913882300DCF5D6 /* Frameworks */,
				960107D02913882300DCF5D6 /* Resources */,
			);
			buildRules = (
			);
			dependencies = (
			);
			name = MyXylphone;
			productName = MyXylphone;
			productReference = 960107D22913882300DCF5D6 /* MyXylphone.app */;
			productType = "com.apple.product-type.application";
		};
		960107E72913882500DCF5D6 /* MyXylphoneTests */ = {
			isa = PBXNativeTarget;
			buildConfigurationList = 960107FF2913882500DCF5D6 /* Build configuration list for PBXNativeTarget "MyXylphoneTests" */;
			buildPhases = (
				960107E42913882500DCF5D6 /* Sources */,
				960107E52913882500DCF5D6 /* Frameworks */,
				960107E62913882500DCF5D6 /* Resources */,
			);
			buildRules = (
			);
			dependencies = (
				960107EA2913882500DCF5D6 /* PBXTargetDependency */,
			);
			name = MyXylphoneTests;
			productName = MyXylphoneTests;
			productReference = 960107E82913882500DCF5D6 /* MyXylphoneTests.xctest */;
			productType = "com.apple.product-type.bundle.unit-test";
		};
		960107F12913882500DCF5D6 /* MyXylphoneUITests */ = {
			isa = PBXNativeTarget;
			buildConfigurationList = 960108022913882500DCF5D6 /* Build configuration list for PBXNativeTarget "MyXylphoneUITests" */;
			buildPhases = (
				960107EE2913882500DCF5D6 /* Sources */,
				960107EF2913882500DCF5D6 /* Frameworks */,
				960107F02913882500DCF5D6 /* Resources */,
			);
			buildRules = (
			);
			dependencies = (
				960107F42913882500DCF5D6 /* PBXTargetDependency */,
			);
			name = MyXylphoneUITests;
			productName = MyXylphoneUITests;
			productReference = 960107F22913882500DCF5D6 /* MyXylphoneUITests.xctest */;
			productType = "com.apple.product-type.bundle.ui-testing";
		};
/* End PBXNativeTarget section */

/* Begin PBXProject section */
		960107CA2913882300DCF5D6 /* Project object */ = {
			isa = PBXProject;
			attributes = {
				BuildIndependentTargetsInParallel = 1;
				LastSwiftUpdateCheck = 1340;
				LastUpgradeCheck = 1340;
				TargetAttributes = {
					960107D12913882300DCF5D6 = {
						CreatedOnToolsVersion = 13.4.1;
					};
					960107E72913882500DCF5D6 = {
						CreatedOnToolsVersion = 13.4.1;
						TestTargetID = 960107D12913882300DCF5D6;
					};
					960107F12913882500DCF5D6 = {
						CreatedOnToolsVersion = 13.4.1;
						TestTargetID = 960107D12913882300DCF5D6;
					};
				};
			};
			buildConfigurationList = 960107CD2913882300DCF5D6 /* Build configuration list for PBXProject "MyXylphone" */;
			compatibilityVersion = "Xcode 13.0";
			developmentRegion = en;
			hasScannedForEncodings = 0;
			knownRegions = (
				en,
				Base,
			);
			mainGroup = 960107C92913882300DCF5D6;
			productRefGroup = 960107D32913882300DCF5D6 /* Products */;
			projectDirPath = "";
			projectRoot = "";
			targets = (
				960107D12913882300DCF5D6 /* MyXylphone */,
				960107E72913882500DCF5D6 /* MyXylphoneTests */,
				960107F12913882500DCF5D6 /* MyXylphoneUITests */,
			);
		};
/* End PBXProject section */

/* Begin PBXResourcesBuildPhase section */
		960107D02913882300DCF5D6 /* Resources */ = {
			isa = PBXResourcesBuildPhase;
			buildActionMask = 2147483647;
			files = (
				960107E22913882500DCF5D6 /* LaunchScreen.storyboard in Resources */,
				960107DF2913882500DCF5D6 /* Assets.xcassets in Resources */,
				960107DD2913882300DCF5D6 /* Main.storyboard in Resources */,
			);
			runOnlyForDeploymentPostprocessing = 0;
		};
		960107E62913882500DCF5D6 /* Resources */ = {
			isa = PBXResourcesBuildPhase;
			buildActionMask = 2147483647;
			files = (
			);
			runOnlyForDeploymentPostprocessing = 0;
		};
		960107F02913882500DCF5D6 /* Resources */ = {
			isa = PBXResourcesBuildPhase;
			buildActionMask = 2147483647;
			files = (
			);
			runOnlyForDeploymentPostprocessing = 0;
		};
/* End PBXResourcesBuildPhase section */

/* Begin PBXSourcesBuildPhase section */
		960107CE2913882300DCF5D6 /* Sources */ = {
			isa = PBXSourcesBuildPhase;
			buildActionMask = 2147483647;
			files = (
				960107DA2913882300DCF5D6 /* ViewController.swift in Sources */,
				960107D62913882300DCF5D6 /* AppDelegate.swift in Sources */,
				960107D82913882300DCF5D6 /* SceneDelegate.swift in Sources */,
			);
			runOnlyForDeploymentPostprocessing = 0;
		};
		960107E42913882500DCF5D6 /* Sources */ = {
			isa = PBXSourcesBuildPhase;
			buildActionMask = 2147483647;
			files = (
				960107ED2913882500DCF5D6 /* MyXylphoneTests.swift in Sources */,
			);
			runOnlyForDeploymentPostprocessing = 0;
		};
		960107EE2913882500DCF5D6 /* Sources */ = {
			isa = PBXSourcesBuildPhase;
			buildActionMask = 2147483647;
			files = (
				960107F72913882500DCF5D6 /* MyXylphoneUITests.swift in Sources */,
				960107F92913882500DCF5D6 /* MyXylphoneUITestsLaunchTests.swift in Sources */,
			);
			runOnlyForDeploymentPostprocessing = 0;
		};
/* End PBXSourcesBuildPhase section */

/* Begin PBXTargetDependency section */
		960107EA2913882500DCF5D6 /* PBXTargetDependency */ = {
			isa = PBXTargetDependency;
			target = 960107D12913882300DCF5D6 /* MyXylphone */;
			targetProxy = 960107E92913882500DCF5D6 /* PBXContainerItemProxy */;
		};
		960107F42913882500DCF5D6 /* PBXTargetDependency */ = {
			isa = PBXTargetDependency;
			target = 960107D12913882300DCF5D6 /* MyXylphone */;
			targetProxy = 960107F32913882500DCF5D6 /* PBXContainerItemProxy */;
		};
/* End PBXTargetDependency section */

/* Begin PBXVariantGroup section */
		960107DB2913882300DCF5D6 /* Main.storyboard */ = {
			isa = PBXVariantGroup;
			children = (
				960107DC2913882300DCF5D6 /* Base */,
			);
			name = Main.storyboard;
			sourceTree = "<group>";
		};
		960107E02913882500DCF5D6 /* LaunchScreen.storyboard */ = {
			isa = PBXVariantGroup;
			children = (
				960107E12913882500DCF5D6 /* Base */,
			);
			name = LaunchScreen.storyboard;
			sourceTree = "<group>";
		};
/* End PBXVariantGroup section */

/* Begin XCBuildConfiguration section */
		960107FA2913882500DCF5D6 /* Debug */ = {
			isa = XCBuildConfiguration;
			buildSettings = {
				ALWAYS_SEARCH_USER_PATHS = NO;
				CLANG_ANALYZER_NONNULL = YES;
				CLANG_ANALYZER_NUMBER_OBJECT_CONVERSION = YES_AGGRESSIVE;
				CLANG_CXX_LANGUAGE_STANDARD = "gnu++17";
				CLANG_ENABLE_MODULES = YES;
				CLANG_ENABLE_OBJC_ARC = YES;
				CLANG_ENABLE_OBJC_WEAK = YES;
				CLANG_WARN_BLOCK_CAPTURE_AUTORELEASING = YES;
				CLANG_WARN_BOOL_CONVERSION = YES;
				CLANG_WARN_COMMA = YES;
				CLANG_WARN_CONSTANT_CONVERSION = YES;
				CLANG_WARN_DEPRECATED_OBJC_IMPLEMENTATIONS = YES;
				CLANG_WARN_DIRECT_OBJC_ISA_USAGE = YES_ERROR;
				CLANG_WARN_DOCUMENTATION_COMMENTS = YES;
				CLANG_WARN_EMPTY_BODY = YES;
				CLANG_WARN_ENUM_CONVERSION = YES;
				CLANG_WARN_INFINITE_RECURSION = YES;
				CLANG_WARN_INT_CONVERSION = YES;
				CLANG_WARN_NON_LITERAL_NULL_CONVERSION = YES;
				CLANG_WARN_OBJC_IMPLICIT_RETAIN_SELF = YES;
				CLANG_WARN_OBJC_LITERAL_CONVERSION = YES;
				CLANG_WARN_OBJC_ROOT_CLASS = YES_ERROR;
				CLANG_WARN_QUOTED_INCLUDE_IN_FRAMEWORK_HEADER = YES;
				CLANG_WARN_RANGE_LOOP_ANALYSIS = YES;
				CLANG_WARN_STRICT_PROTOTYPES = YES;
				CLANG_WARN_SUSPICIOUS_MOVE = YES;
				CLANG_WARN_UNGUARDED_AVAILABILITY = YES_AGGRESSIVE;
				CLANG_WARN_UNREACHABLE_CODE = YES;
				CLANG_WARN__DUPLICATE_METHOD_MATCH = YES;
				COPY_PHASE_STRIP = NO;
				DEBUG_INFORMATION_FORMAT = dwarf;
				ENABLE_STRICT_OBJC_MSGSEND = YES;
				ENABLE_TESTABILITY = YES;
				GCC_C_LANGUAGE_STANDARD = gnu11;
				GCC_DYNAMIC_NO_PIC = NO;
				GCC_NO_COMMON_BLOCKS = YES;
				GCC_OPTIMIZATION_LEVEL = 0;
				GCC_PREPROCESSOR_DEFINITIONS = (
					"DEBUG=1",
					"$(inherited)",
				);
				GCC_WARN_64_TO_32_BIT_CONVERSION = YES;
				GCC_WARN_ABOUT_RETURN_TYPE = YES_ERROR;
				GCC_WARN_UNDECLARED_SELECTOR = YES;
				GCC_WARN_UNINITIALIZED_AUTOS = YES_AGGRESSIVE;
				GCC_WARN_UNUSED_FUNCTION = YES;
				GCC_WARN_UNUSED_VARIABLE = YES;
				IPHONEOS_DEPLOYMENT_TARGET = 15.5;
				MTL_ENABLE_DEBUG_INFO = INCLUDE_SOURCE;
				MTL_FAST_MATH = YES;
				ONLY_ACTIVE_ARCH = YES;
				SDKROOT = iphoneos;
				SWIFT_ACTIVE_COMPILATION_CONDITIONS = DEBUG;
				SWIFT_OPTIMIZATION_LEVEL = "-Onone";
			};
			name = Debug;
		};
		960107FB2913882500DCF5D6 /* Release */ = {
			isa = XCBuildConfiguration;
			buildSettings = {
				ALWAYS_SEARCH_USER_PATHS = NO;
				CLANG_ANALYZER_NONNULL = YES;
				CLANG_ANALYZER_NUMBER_OBJECT_CONVERSION = YES_AGGRESSIVE;
				CLANG_CXX_LANGUAGE_STANDARD = "gnu++17";
				CLANG_ENABLE_MODULES = YES;
				CLANG_ENABLE_OBJC_ARC = YES;
				CLANG_ENABLE_OBJC_WEAK = YES;
				CLANG_WARN_BLOCK_CAPTURE_AUTORELEASING = YES;
				CLANG_WARN_BOOL_CONVERSION = YES;
				CLANG_WARN_COMMA = YES;
				CLANG_WARN_CONSTANT_CONVERSION = YES;
				CLANG_WARN_DEPRECATED_OBJC_IMPLEMENTATIONS = YES;
				CLANG_WARN_DIRECT_OBJC_ISA_USAGE = YES_ERROR;
				CLANG_WARN_DOCUMENTATION_COMMENTS = YES;
				CLANG_WARN_EMPTY_BODY = YES;
				CLANG_WARN_ENUM_CONVERSION = YES;
				CLANG_WARN_INFINITE_RECURSION = YES;
				CLANG_WARN_INT_CONVERSION = YES;
				CLANG_WARN_NON_LITERAL_NULL_CONVERSION = YES;
				CLANG_WARN_OBJC_IMPLICIT_RETAIN_SELF = YES;
				CLANG_WARN_OBJC_LITERAL_CONVERSION = YES;
				CLANG_WARN_OBJC_ROOT_CLASS = YES_ERROR;
				CLANG_WARN_QUOTED_INCLUDE_IN_FRAMEWORK_HEADER = YES;
				CLANG_WARN_RANGE_LOOP_ANALYSIS = YES;
				CLANG_WARN_STRICT_PROTOTYPES = YES;
				CLANG_WARN_SUSPICIOUS_MOVE = YES;
				CLANG_WARN_UNGUARDED_AVAILABILITY = YES_AGGRESSIVE;
				CLANG_WARN_UNREACHABLE_CODE = YES;
				CLANG_WARN__DUPLICATE_METHOD_MATCH = YES;
				COPY_PHASE_STRIP = NO;
				DEBUG_INFORMATION_FORMAT = "dwarf-with-dsym";
				ENABLE_NS_ASSERTIONS = NO;
				ENABLE_STRICT_OBJC_MSGSEND = YES;
				GCC_C_LANGUAGE_STANDARD = gnu11;
				GCC_NO_COMMON_BLOCKS = YES;
				GCC_WARN_64_TO_32_BIT_CONVERSION = YES;
				GCC_WARN_ABOUT_RETURN_TYPE = YES_ERROR;
				GCC_WARN_UNDECLARED_SELECTOR = YES;
				GCC_WARN_UNINITIALIZED_AUTOS = YES_AGGRESSIVE;
				GCC_WARN_UNUSED_FUNCTION = YES;
				GCC_WARN_UNUSED_VARIABLE = YES;
				IPHONEOS_DEPLOYMENT_TARGET = 15.5;
				MTL_ENABLE_DEBUG_INFO = NO;
				MTL_FAST_MATH = YES;
				SDKROOT = iphoneos;
				SWIFT_COMPILATION_MODE = wholemodule;
				SWIFT_OPTIMIZATION_LEVEL = "-O";
				VALIDATE_PRODUCT = YES;
			};
			name = Release;
		};
		960107FD2913882500DCF5D6 /* Debug */ = {
			isa = XCBuildConfiguration;
			buildSettings = {
				ASSETCATALOG_COMPILER_APPICON_NAME = AppIcon;
				ASSETCATALOG_COMPILER_GLOBAL_ACCENT_COLOR_NAME = AccentColor;
				CODE_SIGN_STYLE = Automatic;
				CURRENT_PROJECT_VERSION = 1;
				GENERATE_INFOPLIST_FILE = YES;
				INFOPLIST_FILE = MyXylphone/Info.plist;
				INFOPLIST_KEY_UIApplicationSupportsIndirectInputEvents = YES;
				INFOPLIST_KEY_UILaunchStoryboardName = LaunchScreen;
				INFOPLIST_KEY_UIMainStoryboardFile = Main;
				INFOPLIST_KEY_UISupportedInterfaceOrientations_iPad = "UIInterfaceOrientationPortrait UIInterfaceOrientationPortraitUpsideDown UIInterfaceOrientationLandscapeLeft UIInterfaceOrientationLandscapeRight";
				INFOPLIST_KEY_UISupportedInterfaceOrientations_iPhone = "UIInterfaceOrientationPortrait UIInterfaceOrientationLandscapeLeft UIInterfaceOrientationLandscapeRight";
				LD_RUNPATH_SEARCH_PATHS = (
					"$(inherited)",
					"@executable_path/Frameworks",
				);
				MARKETING_VERSION = 1.0;
				PRODUCT_BUNDLE_IDENTIFIER = Siril.MyXylphone;
				PRODUCT_NAME = "$(TARGET_NAME)";
				SWIFT_EMIT_LOC_STRINGS = YES;
				SWIFT_VERSION = 5.0;
				TARGETED_DEVICE_FAMILY = "1,2";
			};
			name = Debug;
		};
		960107FE2913882500DCF5D6 /* Release */ = {
			isa = XCBuildConfiguration;
			buildSettings = {
				ASSETCATALOG_COMPILER_APPICON_NAME = AppIcon;
				ASSETCATALOG_COMPILER_GLOBAL_ACCENT_COLOR_NAME = AccentColor;
				CODE_SIGN_STYLE = Automatic;
				CURRENT_PROJECT_VERSION = 1;
				GENERATE_INFOPLIST_FILE = YES;
				INFOPLIST_FILE = MyXylphone/Info.plist;
				INFOPLIST_KEY_UIApplicationSupportsIndirectInputEvents = YES;
				INFOPLIST_KEY_UILaunchStoryboardName = LaunchScreen;
				INFOPLIST_KEY_UIMainStoryboardFile = Main;
				INFOPLIST_KEY_UISupportedInterfaceOrientations_iPad = "UIInterfaceOrientationPortrait UIInterfaceOrientationPortraitUpsideDown UIInterfaceOrientationLandscapeLeft UIInterfaceOrientationLandscapeRight";
				INFOPLIST_KEY_UISupportedInterfaceOrientations_iPhone = "UIInterfaceOrientationPortrait UIInterfaceOrientationLandscapeLeft UIInterfaceOrientationLandscapeRight";
				LD_RUNPATH_SEARCH_PATHS = (
					"$(inherited)",
					"@executable_path/Frameworks",
				);
				MARKETING_VERSION = 1.0;
				PRODUCT_BUNDLE_IDENTIFIER = Siril.MyXylphone;
				PRODUCT_NAME = "$(TARGET_NAME)";
				SWIFT_EMIT_LOC_STRINGS = YES;
				SWIFT_VERSION = 5.0;
				TARGETED_DEVICE_FAMILY = "1,2";
			};
			name = Release;
		};
		960108002913882500DCF5D6 /* Debug */ = {
			isa = XCBuildConfiguration;
			buildSettings = {
				ALWAYS_EMBED_SWIFT_STANDARD_LIBRARIES = YES;
				BUNDLE_LOADER = "$(TEST_HOST)";
				CODE_SIGN_STYLE = Automatic;
				CURRENT_PROJECT_VERSION = 1;
				GENERATE_INFOPLIST_FILE = YES;
				IPHONEOS_DEPLOYMENT_TARGET = 15.5;
				MARKETING_VERSION = 1.0;
				PRODUCT_BUNDLE_IDENTIFIER = Siril.MyXylphoneTests;
				PRODUCT_NAME = "$(TARGET_NAME)";
				SWIFT_EMIT_LOC_STRINGS = NO;
				SWIFT_VERSION = 5.0;
				TARGETED_DEVICE_FAMILY = "1,2";
				TEST_HOST = "$(BUILT_PRODUCTS_DIR)/MyXylphone.app/MyXylphone";
			};
			name = Debug;
		};
		960108012913882500DCF5D6 /* Release */ = {
			isa = XCBuildConfiguration;
			buildSettings = {
				ALWAYS_EMBED_SWIFT_STANDARD_LIBRARIES = YES;
				BUNDLE_LOADER = "$(TEST_HOST)";
				CODE_SIGN_STYLE = Automatic;
				CURRENT_PROJECT_VERSION = 1;
				GENERATE_INFOPLIST_FILE = YES;
				IPHONEOS_DEPLOYMENT_TARGET = 15.5;
				MARKETING_VERSION = 1.0;
				PRODUCT_BUNDLE_IDENTIFIER = Siril.MyXylphoneTests;
				PRODUCT_NAME = "$(TARGET_NAME)";
				SWIFT_EMIT_LOC_STRINGS = NO;
				SWIFT_VERSION = 5.0;
				TARGETED_DEVICE_FAMILY = "1,2";
				TEST_HOST = "$(BUILT_PRODUCTS_DIR)/MyXylphone.app/MyXylphone";
			};
			name = Release;
		};
		960108032913882500DCF5D6 /* Debug */ = {
			isa = XCBuildConfiguration;
			buildSettings = {
				ALWAYS_EMBED_SWIFT_STANDARD_LIBRARIES = YES;
				CODE_SIGN_STYLE = Automatic;
				CURRENT_PROJECT_VERSION = 1;
				GENERATE_INFOPLIST_FILE = YES;
				MARKETING_VERSION = 1.0;
				PRODUCT_BUNDLE_IDENTIFIER = Siril.MyXylphoneUITests;
				PRODUCT_NAME = "$(TARGET_NAME)";
				SWIFT_EMIT_LOC_STRINGS = NO;
				SWIFT_VERSION = 5.0;
				TARGETED_DEVICE_FAMILY = "1,2";
				TEST_TARGET_NAME = MyXylphone;
			};
			name = Debug;
		};
		960108042913882500DCF5D6 /* Release */ = {
			isa = XCBuildConfiguration;
			buildSettings = {
				ALWAYS_EMBED_SWIFT_STANDARD_LIBRARIES = YES;
				CODE_SIGN_STYLE = Automatic;
				CURRENT_PROJECT_VERSION = 1;
				GENERATE_INFOPLIST_FILE = YES;
				MARKETING_VERSION = 1.0;
				PRODUCT_BUNDLE_IDENTIFIER = Siril.MyXylphoneUITests;
				PRODUCT_NAME = "$(TARGET_NAME)";
				SWIFT_EMIT_LOC_STRINGS = NO;
				SWIFT_VERSION = 5.0;
				TARGETED_DEVICE_FAMILY = "1,2";
				TEST_TARGET_NAME = MyXylphone;
			};
			name = Release;
		};
/* End XCBuildConfiguration section */

/* Begin XCConfigurationList section */
		960107CD2913882300DCF5D6 /* Build configuration list for PBXProject "MyXylphone" */ = {
			isa = XCConfigurationList;
			buildConfigurations = (
				960107FA2913882500DCF5D6 /* Debug */,
				960107FB2913882500DCF5D6 /* Release */,
			);
			defaultConfigurationIsVisible = 0;
			defaultConfigurationName = Release;
		};
		960107FC2913882500DCF5D6 /* Build configuration list for PBXNativeTarget "MyXylphone" */ = {
			isa = XCConfigurationList;
			buildConfigurations = (
				960107FD2913882500DCF5D6 /* Debug */,
				960107FE2913882500DCF5D6 /* Release */,
			);
			defaultConfigurationIsVisible = 0;
			defaultConfigurationName = Release;
		};
		960107FF2913882500DCF5D6 /* Build configuration list for PBXNativeTarget "MyXylphoneTests" */ = {
			isa = XCConfigurationList;
			buildConfigurations = (
				960108002913882500DCF5D6 /* Debug */,
				960108012913882500DCF5D6 /* Release */,
			);
			defaultConfigurationIsVisible = 0;
			defaultConfigurationName = Release;
		};
		960108022913882500DCF5D6 /* Build configuration list for PBXNativeTarget "MyXylphoneUITests" */ = {
			isa = XCConfigurationList;
			buildConfigurations = (
				960108032913882500DCF5D6 /* Debug */,
				960108042913882500DCF5D6 /* Release */,
			);
			defaultConfigurationIsVisible = 0;
			defaultConfigurationName = Release;
		};
/* End XCConfigurationList section */
	};
	rootObject = 960107CA2913882300DCF5D6 /* Project object */;
}
